
Microsoft Visual Studio Solution File, Format Version 12.00
# Visual Studio Version 16
VisualStudioVersion = 16.0.29806.167
MinimumVisualStudioVersion = 10.0.40219.1
Project("{9A19103F-16F7-4668-BE54-9A1E7A4F7556}") = "SelecaoFamilias.Domain", "src\SelecaoFamilias.Domain\SelecaoFamilias.Domain.csproj", "{41DC5774-10DF-46EB-8478-94C545101806}"
EndProject
Project("{9A19103F-16F7-4668-BE54-9A1E7A4F7556}") = "SelecaoFamilias.Domain.Core", "src\SelecaoFamilias.Domain.Core\SelecaoFamilias.Domain.Core.csproj", "{677932F8-B30F-4965-B685-20A4D2FFA0F7}"
EndProject
Project("{2150E333-8FDC-42A3-9474-1A3956D46DE8}") = "Solution Items", "Solution Items", "{FC59D28C-8196-4304-B74C-B24A4D82DAF7}"
	ProjectSection(SolutionItems) = preProject
		.editorconfig = .editorconfig
	EndProjectSection
EndProject
Project("{9A19103F-16F7-4668-BE54-9A1E7A4F7556}") = "SelecaoFamilias.Domain.Tests", "src\SelecaoFamilias.Domain.Tests\SelecaoFamilias.Domain.Tests.csproj", "{1B85B9B1-B6EC-4FAD-9ADF-D4BCF6714AF1}"
EndProject
Project("{9A19103F-16F7-4668-BE54-9A1E7A4F7556}") = "SelecaoFamilias.Infra.Data", "src\SelecaoFamilias.Infra.Data\SelecaoFamilias.Infra.Data.csproj", "{ACD75018-CDF1-4866-AEC2-5BA1F66DD4ED}"
EndProject
Project("{FAE04EC0-301F-11D3-BF4B-00C04F79EFBC}") = "SelecaoFamilias.Sorteio", "src\SelecaoFamilias.Sorteio\SelecaoFamilias.Sorteio.csproj", "{87BE21FA-8D04-4438-8C8F-97CF94C0D346}"
EndProject
Project("{FAE04EC0-301F-11D3-BF4B-00C04F79EFBC}") = "SelecaoFamilias.Application", "SelecaoFamilias.Application\SelecaoFamilias.Application.csproj", "{0D28C4F7-9350-410B-9588-4C31E35B37F2}"
EndProject
Global
	GlobalSection(SolutionConfigurationPlatforms) = preSolution
		Debug|Any CPU = Debug|Any CPU
		Release|Any CPU = Release|Any CPU
	EndGlobalSection
	GlobalSection(ProjectConfigurationPlatforms) = postSolution
		{41DC5774-10DF-46EB-8478-94C545101806}.Debug|Any CPU.ActiveCfg = Debug|Any CPU
		{41DC5774-10DF-46EB-8478-94C545101806}.Debug|Any CPU.Build.0 = Debug|Any CPU
		{41DC5774-10DF-46EB-8478-94C545101806}.Release|Any CPU.ActiveCfg = Release|Any CPU
		{41DC5774-10DF-46EB-8478-94C545101806}.Release|Any CPU.Build.0 = Release|Any CPU
		{677932F8-B30F-4965-B685-20A4D2FFA0F7}.Debug|Any CPU.ActiveCfg = Debug|Any CPU
		{677932F8-B30F-4965-B685-20A4D2FFA0F7}.Debug|Any CPU.Build.0 = Debug|Any CPU
		{677932F8-B30F-4965-B685-20A4D2FFA0F7}.Release|Any CPU.ActiveCfg = Release|Any CPU
		{677932F8-B30F-4965-B685-20A4D2FFA0F7}.Release|Any CPU.Build.0 = Release|Any CPU
		{1B85B9B1-B6EC-4FAD-9ADF-D4BCF6714AF1}.Debug|Any CPU.ActiveCfg = Debug|Any CPU
		{1B85B9B1-B6EC-4FAD-9ADF-D4BCF6714AF1}.Debug|Any CPU.Build.0 = Debug|Any CPU
		{1B85B9B1-B6EC-4FAD-9ADF-D4BCF6714AF1}.Release|Any CPU.ActiveCfg = Release|Any CPU
		{1B85B9B1-B6EC-4FAD-9ADF-D4BCF6714AF1}.Release|Any CPU.Build.0 = Release|Any CPU
		{ACD75018-CDF1-4866-AEC2-5BA1F66DD4ED}.Debug|Any CPU.ActiveCfg = Debug|Any CPU
		{ACD75018-CDF1-4866-AEC2-5BA1F66DD4ED}.Debug|Any CPU.Build.0 = Debug|Any CPU
		{ACD75018-CDF1-4866-AEC2-5BA1F66DD4ED}.Release|Any CPU.ActiveCfg = Release|Any CPU
		{ACD75018-CDF1-4866-AEC2-5BA1F66DD4ED}.Release|Any CPU.Build.0 = Release|Any CPU
		{87BE21FA-8D04-4438-8C8F-97CF94C0D346}.Debug|Any CPU.ActiveCfg = Debug|Any CPU
		{87BE21FA-8D04-4438-8C8F-97CF94C0D346}.Debug|Any CPU.Build.0 = Debug|Any CPU
		{87BE21FA-8D04-4438-8C8F-97CF94C0D346}.Release|Any CPU.ActiveCfg = Release|Any CPU
		{87BE21FA-8D04-4438-8C8F-97CF94C0D346}.Release|Any CPU.Build.0 = Release|Any CPU
		{0D28C4F7-9350-410B-9588-4C31E35B37F2}.Debug|Any CPU.ActiveCfg = Debug|Any CPU
		{0D28C4F7-9350-410B-9588-4C31E35B37F2}.Debug|Any CPU.Build.0 = Debug|Any CPU
		{0D28C4F7-9350-410B-9588-4C31E35B37F2}.Release|Any CPU.ActiveCfg = Release|Any CPU
		{0D28C4F7-9350-410B-9588-4C31E35B37F2}.Release|Any CPU.Build.0 = Release|Any CPU
	EndGlobalSection
	GlobalSection(SolutionProperties) = preSolution
		HideSolutionNode = FALSE
	EndGlobalSection
	GlobalSection(ExtensibilityGlobals) = postSolution
		SolutionGuid = {0A15E81C-7B8F-4C8F-A005-54C2610CC5D4}
	EndGlobalSection
EndGlobal
